---
lockVersion: 1.0.0
dependencies:
  codeql/concepts:
    version: 0.0.1
  codeql/controlflow:
    version: 2.0.11
  codeql/dataflow:
    version: 2.0.11
  codeql/mad:
    version: 1.0.27
  codeql/regex:
    version: 1.0.27
  codeql/rust-all:
    version: 0.1.12
  codeql/ssa:
    version: 2.0.3
  codeql/threat-models:
    version: 1.0.27
  codeql/tutorial:
    version: 1.0.27
  codeql/typeinference:
    version: 0.0.8
  codeql/typetracking:
    version: 2.0.11
  codeql/util:
    version: 2.0.14
compiled: false
